// !$*UTF8*$!
{
	archiveVersion = 1;
	classes = {
	};
	objectVersion = 50;
	objects = {

/* Begin PBXBuildFile section */
		EDB76F1423C98F80005BD0B5 /* AppDelegate.swift in Sources */ = {isa = PBXBuildFile; fileRef = EDB76F1323C98F80005BD0B5 /* AppDelegate.swift */; };
		EDB76F1623C98F80005BD0B5 /* SceneDelegate.swift in Sources */ = {isa = PBXBuildFile; fileRef = EDB76F1523C98F80005BD0B5 /* SceneDelegate.swift */; };
		EDB76F1B23C98F80005BD0B5 /* Main.storyboard in Resources */ = {isa = PBXBuildFile; fileRef = EDB76F1923C98F80005BD0B5 /* Main.storyboard */; };
		EDB76F1D23C98F80005BD0B5 /* Assets.xcassets in Resources */ = {isa = PBXBuildFile; fileRef = EDB76F1C23C98F80005BD0B5 /* Assets.xcassets */; };
		EDB76F2023C98F80005BD0B5 /* LaunchScreen.storyboard in Resources */ = {isa = PBXBuildFile; fileRef = EDB76F1E23C98F80005BD0B5 /* LaunchScreen.storyboard */; };
		EDB76F2B23C98F80005BD0B5 /* GenreMusicPlayerTests.swift in Sources */ = {isa = PBXBuildFile; fileRef = EDB76F2A23C98F80005BD0B5 /* GenreMusicPlayerTests.swift */; };
		EDB76F3623C98F80005BD0B5 /* GenreMusicPlayerUITests.swift in Sources */ = {isa = PBXBuildFile; fileRef = EDB76F3523C98F80005BD0B5 /* GenreMusicPlayerUITests.swift */; };
		EDB76F4423C98FA4005BD0B5 /* GenreButtonScreen.swift in Sources */ = {isa = PBXBuildFile; fileRef = EDB76F4323C98FA4005BD0B5 /* GenreButtonScreen.swift */; };
/* End PBXBuildFile section */

/* Begin PBXContainerItemProxy section */
		EDB76F2723C98F80005BD0B5 /* PBXContainerItemProxy */ = {
			isa = PBXContainerItemProxy;
			containerPortal = EDB76F0823C98F80005BD0B5 /* Project object */;
			proxyType = 1;
			remoteGlobalIDString = EDB76F0F23C98F80005BD0B5;
			remoteInfo = GenreMusicPlayer;
		};
		EDB76F3223C98F80005BD0B5 /* PBXContainerItemProxy */ = {
			isa = PBXContainerItemProxy;
			containerPortal = EDB76F0823C98F80005BD0B5 /* Project object */;
			proxyType = 1;
			remoteGlobalIDString = EDB76F0F23C98F80005BD0B5;
			remoteInfo = GenreMusicPlayer;
		};
/* End PBXContainerItemProxy section */

/* Begin PBXFileReference section */
		EDB76F1023C98F80005BD0B5 /* Jukebox.app */ = {isa = PBXFileReference; explicitFileType = wrapper.application; includeInIndex = 0; path = Jukebox.app; sourceTree = BUILT_PRODUCTS_DIR; };
		EDB76F1323C98F80005BD0B5 /* AppDelegate.swift */ = {isa = PBXFileReference; lastKnownFileType = sourcecode.swift; path = AppDelegate.swift; sourceTree = "<group>"; };
		EDB76F1523C98F80005BD0B5 /* SceneDelegate.swift */ = {isa = PBXFileReference; lastKnownFileType = sourcecode.swift; path = SceneDelegate.swift; sourceTree = "<group>"; };
		EDB76F1A23C98F80005BD0B5 /* Base */ = {isa = PBXFileReference; lastKnownFileType = file.storyboard; name = Base; path = Base.lproj/Main.storyboard; sourceTree = "<group>"; };
		EDB76F1C23C98F80005BD0B5 /* Assets.xcassets */ = {isa = PBXFileReference; lastKnownFileType = folder.assetcatalog; path = Assets.xcassets; sourceTree = "<group>"; };
		EDB76F1F23C98F80005BD0B5 /* Base */ = {isa = PBXFileReference; lastKnownFileType = file.storyboard; name = Base; path = Base.lproj/LaunchScreen.storyboard; sourceTree = "<group>"; };
		EDB76F2123C98F80005BD0B5 /* Info.plist */ = {isa = PBXFileReference; lastKnownFileType = text.plist.xml; path = Info.plist; sourceTree = "<group>"; };
		EDB76F2623C98F80005BD0B5 /* GenreMusicPlayerTests.xctest */ = {isa = PBXFileReference; explicitFileType = wrapper.cfbundle; includeInIndex = 0; path = GenreMusicPlayerTests.xctest; sourceTree = BUILT_PRODUCTS_DIR; };
		EDB76F2A23C98F80005BD0B5 /* GenreMusicPlayerTests.swift */ = {isa = PBXFileReference; lastKnownFileType = sourcecode.swift; path = GenreMusicPlayerTests.swift; sourceTree = "<group>"; };
		EDB76F2C23C98F80005BD0B5 /* Info.plist */ = {isa = PBXFileReference; lastKnownFileType = text.plist.xml; path = Info.plist; sourceTree = "<group>"; };
		EDB76F3123C98F80005BD0B5 /* GenreMusicPlayerUITests.xctest */ = {isa = PBXFileReference; explicitFileType = wrapper.cfbundle; includeInIndex = 0; path = GenreMusicPlayerUITests.xctest; sourceTree = BUILT_PRODUCTS_DIR; };
		EDB76F3523C98F80005BD0B5 /* GenreMusicPlayerUITests.swift */ = {isa = PBXFileReference; lastKnownFileType = sourcecode.swift; path = GenreMusicPlayerUITests.swift; sourceTree = "<group>"; };
		EDB76F3723C98F80005BD0B5 /* Info.plist */ = {isa = PBXFileReference; lastKnownFileType = text.plist.xml; path = Info.plist; sourceTree = "<group>"; };
		EDB76F4323C98FA4005BD0B5 /* GenreButtonScreen.swift */ = {isa = PBXFileReference; lastKnownFileType = sourcecode.swift; path = GenreButtonScreen.swift; sourceTree = "<group>"; };
/* End PBXFileReference section */

/* Begin PBXFrameworksBuildPhase section */
		EDB76F0D23C98F80005BD0B5 /* Frameworks */ = {
			isa = PBXFrameworksBuildPhase;
			buildActionMask = 2147483647;
			files = (
			);
			runOnlyForDeploymentPostprocessing = 0;
		};
		EDB76F2323C98F80005BD0B5 /* Frameworks */ = {
			isa = PBXFrameworksBuildPhase;
			buildActionMask = 2147483647;
			files = (
			);
			runOnlyForDeploymentPostprocessing = 0;
		};
		EDB76F2E23C98F80005BD0B5 /* Frameworks */ = {
			isa = PBXFrameworksBuildPhase;
			buildActionMask = 2147483647;
			files = (
			);
			runOnlyForDeploymentPostprocessing = 0;
		};
/* End PBXFrameworksBuildPhase section */

/* Begin PBXGroup section */
		EDB76F0723C98F80005BD0B5 = {
			isa = PBXGroup;
			children = (
				EDB76F1223C98F80005BD0B5 /* GenreMusicPlayer */,
				EDB76F2923C98F80005BD0B5 /* GenreMusicPlayerTests */,
				EDB76F3423C98F80005BD0B5 /* GenreMusicPlayerUITests */,
				EDB76F1123C98F80005BD0B5 /* Products */,
			);
			sourceTree = "<group>";
		};
		EDB76F1123C98F80005BD0B5 /* Products */ = {
			isa = PBXGroup;
			children = (
				EDB76F1023C98F80005BD0B5 /* Jukebox.app */,
				EDB76F2623C98F80005BD0B5 /* GenreMusicPlayerTests.xctest */,
				EDB76F3123C98F80005BD0B5 /* GenreMusicPlayerUITests.xctest */,
			);
			name = Products;
			sourceTree = "<group>";
		};
		EDB76F1223C98F80005BD0B5 /* GenreMusicPlayer */ = {
			isa = PBXGroup;
			children = (
				EDB76F1323C98F80005BD0B5 /* AppDelegate.swift */,
				EDB76F1523C98F80005BD0B5 /* SceneDelegate.swift */,
				EDB76F1923C98F80005BD0B5 /* Main.storyboard */,
				EDB76F1C23C98F80005BD0B5 /* Assets.xcassets */,
				EDB76F1E23C98F80005BD0B5 /* LaunchScreen.storyboard */,
				EDB76F2123C98F80005BD0B5 /* Info.plist */,
				EDB76F4323C98FA4005BD0B5 /* GenreButtonScreen.swift */,
			);
			path = GenreMusicPlayer;
			sourceTree = "<group>";
		};
		EDB76F2923C98F80005BD0B5 /* GenreMusicPlayerTests */ = {
			isa = PBXGroup;
			children = (
				EDB76F2A23C98F80005BD0B5 /* GenreMusicPlayerTests.swift */,
				EDB76F2C23C98F80005BD0B5 /* Info.plist */,
			);
			path = GenreMusicPlayerTests;
			sourceTree = "<group>";
		};
		EDB76F3423C98F80005BD0B5 /* GenreMusicPlayerUITests */ = {
			isa = PBXGroup;
			children = (
				EDB76F3523C98F80005BD0B5 /* GenreMusicPlayerUITests.swift */,
				EDB76F3723C98F80005BD0B5 /* Info.plist */,
			);
			path = GenreMusicPlayerUITests;
			sourceTree = "<group>";
		};
/* End PBXGroup section */

/* Begin PBXNativeTarget section */
		EDB76F0F23C98F80005BD0B5 /* GenreMusicPlayer */ = {
			isa = PBXNativeTarget;
			buildConfigurationList = EDB76F3A23C98F80005BD0B5 /* Build configuration list for PBXNativeTarget "GenreMusicPlayer" */;
			buildPhases = (
				EDB76F0C23C98F80005BD0B5 /* Sources */,
				EDB76F0D23C98F80005BD0B5 /* Frameworks */,
				EDB76F0E23C98F80005BD0B5 /* Resources */,
			);
			buildRules = (
			);
			dependencies = (
			);
			name = GenreMusicPlayer;
			productName = GenreMusicPlayer;
			productReference = EDB76F1023C98F80005BD0B5 /* Jukebox.app */;
			productType = "com.apple.product-type.application";
		};
		EDB76F2523C98F80005BD0B5 /* GenreMusicPlayerTests */ = {
			isa = PBXNativeTarget;
			buildConfigurationList = EDB76F3D23C98F80005BD0B5 /* Build configuration list for PBXNativeTarget "GenreMusicPlayerTests" */;
			buildPhases = (
				EDB76F2223C98F80005BD0B5 /* Sources */,
				EDB76F2323C98F80005BD0B5 /* Frameworks */,
				EDB76F2423C98F80005BD0B5 /* Resources */,
			);
			buildRules = (
			);
			dependencies = (
				EDB76F2823C98F80005BD0B5 /* PBXTargetDependency */,
			);
			name = GenreMusicPlayerTests;
			productName = GenreMusicPlayerTests;
			productReference = EDB76F2623C98F80005BD0B5 /* GenreMusicPlayerTests.xctest */;
			productType = "com.apple.product-type.bundle.unit-test";
		};
		EDB76F3023C98F80005BD0B5 /* GenreMusicPlayerUITests */ = {
			isa = PBXNativeTarget;
			buildConfigurationList = EDB76F4023C98F80005BD0B5 /* Build configuration list for PBXNativeTarget "GenreMusicPlayerUITests" */;
			buildPhases = (
				EDB76F2D23C98F80005BD0B5 /* Sources */,
				EDB76F2E23C98F80005BD0B5 /* Frameworks */,
				EDB76F2F23C98F80005BD0B5 /* Resources */,
			);
			buildRules = (
			);
			dependencies = (
				EDB76F3323C98F80005BD0B5 /* PBXTargetDependency */,
			);
			name = GenreMusicPlayerUITests;
			productName = GenreMusicPlayerUITests;
			productReference = EDB76F3123C98F80005BD0B5 /* GenreMusicPlayerUITests.xctest */;
			productType = "com.apple.product-type.bundle.ui-testing";
		};
/* End PBXNativeTarget section */

/* Begin PBXProject section */
		EDB76F0823C98F80005BD0B5 /* Project object */ = {
			isa = PBXProject;
			attributes = {
				LastSwiftUpdateCheck = 1130;
				LastUpgradeCheck = 1130;
				ORGANIZATIONNAME = "Jace Kendrick";
				TargetAttributes = {
					EDB76F0F23C98F80005BD0B5 = {
						CreatedOnToolsVersion = 11.3;
					};
					EDB76F2523C98F80005BD0B5 = {
						CreatedOnToolsVersion = 11.3;
						TestTargetID = EDB76F0F23C98F80005BD0B5;
					};
					EDB76F3023C98F80005BD0B5 = {
						CreatedOnToolsVersion = 11.3;
						TestTargetID = EDB76F0F23C98F80005BD0B5;
					};
				};
			};
			buildConfigurationList = EDB76F0B23C98F80005BD0B5 /* Build configuration list for PBXProject "GenreMusicPlayer" */;
			compatibilityVersion = "Xcode 9.3";
			developmentRegion = en;
			hasScannedForEncodings = 0;
			knownRegions = (
				en,
				Base,
			);
			mainGroup = EDB76F0723C98F80005BD0B5;
			productRefGroup = EDB76F1123C98F80005BD0B5 /* Products */;
			projectDirPath = "";
			projectRoot = "";
			targets = (
				EDB76F0F23C98F80005BD0B5 /* GenreMusicPlayer */,
				EDB76F2523C98F80005BD0B5 /* GenreMusicPlayerTests */,
				EDB76F3023C98F80005BD0B5 /* GenreMusicPlayerUITests */,
			);
		};
/* End PBXProject section */

/* Begin PBXResourcesBuildPhase section */
		EDB76F0E23C98F80005BD0B5 /* Resources */ = {
			isa = PBXResourcesBuildPhase;
			buildActionMask = 2147483647;
			files = (
				EDB76F2023C98F80005BD0B5 /* LaunchScreen.storyboard in Resources */,
				EDB76F1D23C98F80005BD0B5 /* Assets.xcassets in Resources */,
				EDB76F1B23C98F80005BD0B5 /* Main.storyboard in Resources */,
			);
			runOnlyForDeploymentPostprocessing = 0;
		};
		EDB76F2423C98F80005BD0B5 /* Resources */ = {
			isa = PBXResourcesBuildPhase;
			buildActionMask = 2147483647;
			files = (
			);
			runOnlyForDeploymentPostprocessing = 0;
		};
		EDB76F2F23C98F80005BD0B5 /* Resources */ = {
			isa = PBXResourcesBuildPhase;
			buildActionMask = 2147483647;
			files = (
			);
			runOnlyForDeploymentPostprocessing = 0;
		};
/* End PBXResourcesBuildPhase section */

/* Begin PBXSourcesBuildPhase section */
		EDB76F0C23C98F80005BD0B5 /* Sources */ = {
			isa = PBXSourcesBuildPhase;
			buildActionMask = 2147483647;
			files = (
				EDB76F1423C98F80005BD0B5 /* AppDelegate.swift in Sources */,
				EDB76F1623C98F80005BD0B5 /* SceneDelegate.swift in Sources */,
				EDB76F4423C98FA4005BD0B5 /* GenreButtonScreen.swift in Sources */,
			);
			runOnlyForDeploymentPostprocessing = 0;
		};
		EDB76F2223C98F80005BD0B5 /* Sources */ = {
			isa = PBXSourcesBuildPhase;
			buildActionMask = 2147483647;
			files = (
				EDB76F2B23C98F80005BD0B5 /* GenreMusicPlayerTests.swift in Sources */,
			);
			runOnlyForDeploymentPostprocessing = 0;
		};
		EDB76F2D23C98F80005BD0B5 /* Sources */ = {
			isa = PBXSourcesBuildPhase;
			buildActionMask = 2147483647;
			files = (
				EDB76F3623C98F80005BD0B5 /* GenreMusicPlayerUITests.swift in Sources */,
			);
			runOnlyForDeploymentPostprocessing = 0;
		};
/* End PBXSourcesBuildPhase section */

/* Begin PBXTargetDependency section */
		EDB76F2823C98F80005BD0B5 /* PBXTargetDependency */ = {
			isa = PBXTargetDependency;
			target = EDB76F0F23C98F80005BD0B5 /* GenreMusicPlayer */;
			targetProxy = EDB76F2723C98F80005BD0B5 /* PBXContainerItemProxy */;
		};
		EDB76F3323C98F80005BD0B5 /* PBXTargetDependency */ = {
			isa = PBXTargetDependency;
			target = EDB76F0F23C98F80005BD0B5 /* GenreMusicPlayer */;
			targetProxy = EDB76F3223C98F80005BD0B5 /* PBXContainerItemProxy */;
		};
/* End PBXTargetDependency section */

/* Begin PBXVariantGroup section */
		EDB76F1923C98F80005BD0B5 /* Main.storyboard */ = {
			isa = PBXVariantGroup;
			children = (
				EDB76F1A23C98F80005BD0B5 /* Base */,
			);
			name = Main.storyboard;
			sourceTree = "<group>";
		};
		EDB76F1E23C98F80005BD0B5 /* LaunchScreen.storyboard */ = {
			isa = PBXVariantGroup;
			children = (
				EDB76F1F23C98F80005BD0B5 /* Base */,
			);
			name = LaunchScreen.storyboard;
			sourceTree = "<group>";
		};
/* End PBXVariantGroup section */

/* Begin XCBuildConfiguration section */
		EDB76F3823C98F80005BD0B5 /* Debug */ = {
			isa = XCBuildConfiguration;
			buildSettings = {
				ALWAYS_SEARCH_USER_PATHS = NO;
				CLANG_ANALYZER_NONNULL = YES;
				CLANG_ANALYZER_NUMBER_OBJECT_CONVERSION = YES_AGGRESSIVE;
				CLANG_CXX_LANGUAGE_STANDARD = "gnu++14";
				CLANG_CXX_LIBRARY = "libc++";
				CLANG_ENABLE_MODULES = YES;
				CLANG_ENABLE_OBJC_ARC = YES;
				CLANG_ENABLE_OBJC_WEAK = YES;
				CLANG_WARN_BLOCK_CAPTURE_AUTORELEASING = YES;
				CLANG_WARN_BOOL_CONVERSION = YES;
				CLANG_WARN_COMMA = YES;
				CLANG_WARN_CONSTANT_CONVERSION = YES;
				CLANG_WARN_DEPRECATED_OBJC_IMPLEMENTATIONS = YES;
				CLANG_WARN_DIRECT_OBJC_ISA_USAGE = YES_ERROR;
				CLANG_WARN_DOCUMENTATION_COMMENTS = YES;
				CLANG_WARN_EMPTY_BODY = YES;
				CLANG_WARN_ENUM_CONVERSION = YES;
				CLANG_WARN_INFINITE_RECURSION = YES;
				CLANG_WARN_INT_CONVERSION = YES;
				CLANG_WARN_NON_LITERAL_NULL_CONVERSION = YES;
				CLANG_WARN_OBJC_IMPLICIT_RETAIN_SELF = YES;
				CLANG_WARN_OBJC_LITERAL_CONVERSION = YES;
				CLANG_WARN_OBJC_ROOT_CLASS = YES_ERROR;
				CLANG_WARN_RANGE_LOOP_ANALYSIS = YES;
				CLANG_WARN_STRICT_PROTOTYPES = YES;
				CLANG_WARN_SUSPICIOUS_MOVE = YES;
				CLANG_WARN_UNGUARDED_AVAILABILITY = YES_AGGRESSIVE;
				CLANG_WARN_UNREACHABLE_CODE = YES;
				CLANG_WARN__DUPLICATE_METHOD_MATCH = YES;
				COPY_PHASE_STRIP = NO;
				DEBUG_INFORMATION_FORMAT = dwarf;
				ENABLE_STRICT_OBJC_MSGSEND = YES;
				ENABLE_TESTABILITY = YES;
				GCC_C_LANGUAGE_STANDARD = gnu11;
				GCC_DYNAMIC_NO_PIC = NO;
				GCC_NO_COMMON_BLOCKS = YES;
				GCC_OPTIMIZATION_LEVEL = 0;
				GCC_PREPROCESSOR_DEFINITIONS = (
					"DEBUG=1",
					"$(inherited)",
				);
				GCC_WARN_64_TO_32_BIT_CONVERSION = YES;
				GCC_WARN_ABOUT_RETURN_TYPE = YES_ERROR;
				GCC_WARN_UNDECLARED_SELECTOR = YES;
				GCC_WARN_UNINITIALIZED_AUTOS = YES_AGGRESSIVE;
				GCC_WARN_UNUSED_FUNCTION = YES;
				GCC_WARN_UNUSED_VARIABLE = YES;
				IPHONEOS_DEPLOYMENT_TARGET = 13.2;
				MTL_ENABLE_DEBUG_INFO = INCLUDE_SOURCE;
				MTL_FAST_MATH = YES;
				ONLY_ACTIVE_ARCH = YES;
				SDKROOT = iphoneos;
				SWIFT_ACTIVE_COMPILATION_CONDITIONS = DEBUG;
				SWIFT_OPTIMIZATION_LEVEL = "-Onone";
			};
			name = Debug;
		};
		EDB76F3923C98F80005BD0B5 /* Release */ = {
			isa = XCBuildConfiguration;
			buildSettings = {
				ALWAYS_SEARCH_USER_PATHS = NO;
				CLANG_ANALYZER_NONNULL = YES;
				CLANG_ANALYZER_NUMBER_OBJECT_CONVERSION = YES_AGGRESSIVE;
				CLANG_CXX_LANGUAGE_STANDARD = "gnu++14";
				CLANG_CXX_LIBRARY = "libc++";
				CLANG_ENABLE_MODULES = YES;
				CLANG_ENABLE_OBJC_ARC = YES;
				CLANG_ENABLE_OBJC_WEAK = YES;
				CLANG_WARN_BLOCK_CAPTURE_AUTORELEASING = YES;
				CLANG_WARN_BOOL_CONVERSION = YES;
				CLANG_WARN_COMMA = YES;
				CLANG_WARN_CONSTANT_CONVERSION = YES;
				CLANG_WARN_DEPRECATED_OBJC_IMPLEMENTATIONS = YES;
				CLANG_WARN_DIRECT_OBJC_ISA_USAGE = YES_ERROR;
				CLANG_WARN_DOCUMENTATION_COMMENTS = YES;
				CLANG_WARN_EMPTY_BODY = YES;
				CLANG_WARN_ENUM_CONVERSION = YES;
				CLANG_WARN_INFINITE_RECURSION = YES;
				CLANG_WARN_INT_CONVERSION = YES;
				CLANG_WARN_NON_LITERAL_NULL_CONVERSION = YES;
				CLANG_WARN_OBJC_IMPLICIT_RETAIN_SELF = YES;
				CLANG_WARN_OBJC_LITERAL_CONVERSION = YES;
				CLANG_WARN_OBJC_ROOT_CLASS = YES_ERROR;
				CLANG_WARN_RANGE_LOOP_ANALYSIS = YES;
				CLANG_WARN_STRICT_PROTOTYPES = YES;
				CLANG_WARN_SUSPICIOUS_MOVE = YES;
				CLANG_WARN_UNGUARDED_AVAILABILITY = YES_AGGRESSIVE;
				CLANG_WARN_UNREACHABLE_CODE = YES;
				CLANG_WARN__DUPLICATE_METHOD_MATCH = YES;
				COPY_PHASE_STRIP = NO;
				DEBUG_INFORMATION_FORMAT = "dwarf-with-dsym";
				ENABLE_NS_ASSERTIONS = NO;
				ENABLE_STRICT_OBJC_MSGSEND = YES;
				GCC_C_LANGUAGE_STANDARD = gnu11;
				GCC_NO_COMMON_BLOCKS = YES;
				GCC_WARN_64_TO_32_BIT_CONVERSION = YES;
				GCC_WARN_ABOUT_RETURN_TYPE = YES_ERROR;
				GCC_WARN_UNDECLARED_SELECTOR = YES;
				GCC_WARN_UNINITIALIZED_AUTOS = YES_AGGRESSIVE;
				GCC_WARN_UNUSED_FUNCTION = YES;
				GCC_WARN_UNUSED_VARIABLE = YES;
				IPHONEOS_DEPLOYMENT_TARGET = 13.2;
				MTL_ENABLE_DEBUG_INFO = NO;
				MTL_FAST_MATH = YES;
				SDKROOT = iphoneos;
				SWIFT_COMPILATION_MODE = wholemodule;
				SWIFT_OPTIMIZATION_LEVEL = "-O";
				VALIDATE_PRODUCT = YES;
			};
			name = Release;
		};
		EDB76F3B23C98F80005BD0B5 /* Debug */ = {
			isa = XCBuildConfiguration;
			buildSettings = {
				ASSETCATALOG_COMPILER_APPICON_NAME = AppIcon;
				CODE_SIGN_STYLE = Automatic;
				DEVELOPMENT_TEAM = VQLDGBSNMZ;
				INFOPLIST_FILE = GenreMusicPlayer/Info.plist;
				LD_RUNPATH_SEARCH_PATHS = (
					"$(inherited)",
					"@executable_path/Frameworks",
				);
				PRODUCT_BUNDLE_IDENTIFIER = com.jacekendrick.GenreMusicPlayer;
				PRODUCT_NAME = Jukebox;
				SWIFT_VERSION = 5.0;
				TARGETED_DEVICE_FAMILY = "1,2";
			};
			name = Debug;
		};
		EDB76F3C23C98F80005BD0B5 /* Release */ = {
			isa = XCBuildConfiguration;
			buildSettings = {
				ASSETCATALOG_COMPILER_APPICON_NAME = AppIcon;
				CODE_SIGN_STYLE = Automatic;
				DEVELOPMENT_TEAM = VQLDGBSNMZ;
				INFOPLIST_FILE = GenreMusicPlayer/Info.plist;
				LD_RUNPATH_SEARCH_PATHS = (
					"$(inherited)",
					"@executable_path/Frameworks",
				);
				PRODUCT_BUNDLE_IDENTIFIER = com.jacekendrick.GenreMusicPlayer;
				PRODUCT_NAME = Jukebox;
				SWIFT_VERSION = 5.0;
				TARGETED_DEVICE_FAMILY = "1,2";
			};
			name = Release;
		};
		EDB76F3E23C98F80005BD0B5 /* Debug */ = {
			isa = XCBuildConfiguration;
			buildSettings = {
				ALWAYS_EMBED_SWIFT_STANDARD_LIBRARIES = YES;
				BUNDLE_LOADER = "$(TEST_HOST)";
				CODE_SIGN_STYLE = Automatic;
				DEVELOPMENT_TEAM = VQLDGBSNMZ;
				INFOPLIST_FILE = GenreMusicPlayerTests/Info.plist;
				IPHONEOS_DEPLOYMENT_TARGET = 13.2;
				LD_RUNPATH_SEARCH_PATHS = (
					"$(inherited)",
					"@executable_path/Frameworks",
					"@loader_path/Frameworks",
				);
				PRODUCT_BUNDLE_IDENTIFIER = com.jacekendrick.GenreMusicPlayerTests;
				PRODUCT_NAME = "$(TARGET_NAME)";
				SWIFT_VERSION = 5.0;
				TARGETED_DEVICE_FAMILY = "1,2";
				TEST_HOST = "$(BUILT_PRODUCTS_DIR)/GenreMusicPlayer.app/GenreMusicPlayer";
			};
			name = Debug;
		};
		EDB76F3F23C98F80005BD0B5 /* Release */ = {
			isa = XCBuildConfiguration;
			buildSettings = {
				ALWAYS_EMBED_SWIFT_STANDARD_LIBRARIES = YES;
				BUNDLE_LOADER = "$(TEST_HOST)";
				CODE_SIGN_STYLE = Automatic;
				DEVELOPMENT_TEAM = VQLDGBSNMZ;
				INFOPLIST_FILE = GenreMusicPlayerTests/Info.plist;
				IPHONEOS_DEPLOYMENT_TARGET = 13.2;
				LD_RUNPATH_SEARCH_PATHS = (
					"$(inherited)",
					"@executable_path/Frameworks",
					"@loader_path/Frameworks",
				);
				PRODUCT_BUNDLE_IDENTIFIER = com.jacekendrick.GenreMusicPlayerTests;
				PRODUCT_NAME = "$(TARGET_NAME)";
				SWIFT_VERSION = 5.0;
				TARGETED_DEVICE_FAMILY = "1,2";
				TEST_HOST = "$(BUILT_PRODUCTS_DIR)/GenreMusicPlayer.app/GenreMusicPlayer";
			};
			name = Release;
		};
		EDB76F4123C98F80005BD0B5 /* Debug */ = {
			isa = XCBuildConfiguration;
			buildSettings = {
				ALWAYS_EMBED_SWIFT_STANDARD_LIBRARIES = YES;
				CODE_SIGN_STYLE = Automatic;
				DEVELOPMENT_TEAM = VQLDGBSNMZ;
				INFOPLIST_FILE = GenreMusicPlayerUITests/Info.plist;
				LD_RUNPATH_SEARCH_PATHS = (
					"$(inherited)",
					"@executable_path/Frameworks",
					"@loader_path/Frameworks",
				);
				PRODUCT_BUNDLE_IDENTIFIER = com.jacekendrick.GenreMusicPlayerUITests;
				PRODUCT_NAME = "$(TARGET_NAME)";
				SWIFT_VERSION = 5.0;
				TARGETED_DEVICE_FAMILY = "1,2";
				TEST_TARGET_NAME = GenreMusicPlayer;
			};
			name = Debug;
		};
		EDB76F4223C98F80005BD0B5 /* Release */ = {
			isa = XCBuildConfiguration;
			buildSettings = {
				ALWAYS_EMBED_SWIFT_STANDARD_LIBRARIES = YES;
				CODE_SIGN_STYLE = Automatic;
				DEVELOPMENT_TEAM = VQLDGBSNMZ;
				INFOPLIST_FILE = GenreMusicPlayerUITests/Info.plist;
				LD_RUNPATH_SEARCH_PATHS = (
					"$(inherited)",
					"@executable_path/Frameworks",
					"@loader_path/Frameworks",
				);
				PRODUCT_BUNDLE_IDENTIFIER = com.jacekendrick.GenreMusicPlayerUITests;
				PRODUCT_NAME = "$(TARGET_NAME)";
				SWIFT_VERSION = 5.0;
				TARGETED_DEVICE_FAMILY = "1,2";
				TEST_TARGET_NAME = GenreMusicPlayer;
			};
			name = Release;
		};
/* End XCBuildConfiguration section */

/* Begin XCConfigurationList section */
		EDB76F0B23C98F80005BD0B5 /* Build configuration list for PBXProject "GenreMusicPlayer" */ = {
			isa = XCConfigurationList;
			buildConfigurations = (
				EDB76F3823C98F80005BD0B5 /* Debug */,
				EDB76F3923C98F80005BD0B5 /* Release */,
			);
			defaultConfigurationIsVisible = 0;
			defaultConfigurationName = Release;
		};
		EDB76F3A23C98F80005BD0B5 /* Build configuration list for PBXNativeTarget "GenreMusicPlayer" */ = {
			isa = XCConfigurationList;
			buildConfigurations = (
				EDB76F3B23C98F80005BD0B5 /* Debug */,
				EDB76F3C23C98F80005BD0B5 /* Release */,
			);
			defaultConfigurationIsVisible = 0;
			defaultConfigurationName = Release;
		};
		EDB76F3D23C98F80005BD0B5 /* Build configuration list for PBXNativeTarget "GenreMusicPlayerTests" */ = {
			isa = XCConfigurationList;
			buildConfigurations = (
				EDB76F3E23C98F80005BD0B5 /* Debug */,
				EDB76F3F23C98F80005BD0B5 /* Release */,
			);
			defaultConfigurationIsVisible = 0;
			defaultConfigurationName = Release;
		};
		EDB76F4023C98F80005BD0B5 /* Build configuration list for PBXNativeTarget "GenreMusicPlayerUITests" */ = {
			isa = XCConfigurationList;
			buildConfigurations = (
				EDB76F4123C98F80005BD0B5 /* Debug */,
				EDB76F4223C98F80005BD0B5 /* Release */,
			);
			defaultConfigurationIsVisible = 0;
			defaultConfigurationName = Release;
		};
/* End XCConfigurationList section */
	};
	rootObject = EDB76F0823C98F80005BD0B5 /* Project object */;
}
